PODS:
  - GoogleMaps (6.2.1):
    - GoogleMaps/Maps (= 6.2.1)
  - GoogleMaps/Base (6.2.1)
  - GoogleMaps/Maps (6.2.1):
    - GoogleMaps/Base
  - Sourcery (1.8.1):
    - Sourcery/CLI-Only (= 1.8.1)
  - Sourcery/CLI-Only (1.8.1)

DEPENDENCIES:
  - GoogleMaps (= 6.2.1)
  - Sourcery

SPEC REPOS:
  https://github.com/CocoaPods/Specs.git:
    - GoogleMaps
    - Sourcery

SPEC CHECKSUMS:
  GoogleMaps: 20d7b12be49a14287f797e88e0e31bc4156aaeb4
  Sourcery: 4d44d4ea26a682a4a9875ec7c1870a1e7b8e183f

PODFILE CHECKSUM: 2af1d08151282b1be401ddac6277770878d4c2dc

COCOAPODS: 1.11.3
