// !$*UTF8*$!
{
	archiveVersion = 1;
	classes = {
	};
	objectVersion = 55;
	objects = {

/* Begin PBXBuildFile section */
		083C17A4BC0AE04C09818BE0 /* libPods-iKartta.a in Frameworks */ = {isa = PBXBuildFile; fileRef = 4DE6ED526A794F17A4561ADD /* libPods-iKartta.a */; };
		6D30BFDA286227D600715CC0 /* iKarttaApp.swift in Sources */ = {isa = PBXBuildFile; fileRef = 6D30BFD9286227D600715CC0 /* iKarttaApp.swift */; };
		6D30BFDC286227D600715CC0 /* ContentView.swift in Sources */ = {isa = PBXBuildFile; fileRef = 6D30BFDB286227D600715CC0 /* ContentView.swift */; };
		6D30BFDE286227DA00715CC0 /* Assets.xcassets in Resources */ = {isa = PBXBuildFile; fileRef = 6D30BFDD286227DA00715CC0 /* Assets.xcassets */; };
		6D30BFE1286227DA00715CC0 /* Preview Assets.xcassets in Resources */ = {isa = PBXBuildFile; fileRef = 6D30BFE0286227DA00715CC0 /* Preview Assets.xcassets */; };
		6D30BFEB286227DA00715CC0 /* iKarttaTests.swift in Sources */ = {isa = PBXBuildFile; fileRef = 6D30BFEA286227DA00715CC0 /* iKarttaTests.swift */; };
		6D30BFF5286227DB00715CC0 /* iKarttaUITests.swift in Sources */ = {isa = PBXBuildFile; fileRef = 6D30BFF4286227DB00715CC0 /* iKarttaUITests.swift */; };
		6D30BFF7286227DB00715CC0 /* iKarttaUITestsLaunchTests.swift in Sources */ = {isa = PBXBuildFile; fileRef = 6D30BFF6286227DB00715CC0 /* iKarttaUITestsLaunchTests.swift */; };
		6D464A28286379F2003596CA /* Segues.swift in Sources */ = {isa = PBXBuildFile; fileRef = 6D464A27286379F2003596CA /* Segues.swift */; };
/* End PBXBuildFile section */

/* Begin PBXContainerItemProxy section */
		6D30BFE7286227DA00715CC0 /* PBXContainerItemProxy */ = {
			isa = PBXContainerItemProxy;
			containerPortal = 6D30BFCE286227D600715CC0 /* Project object */;
			proxyType = 1;
			remoteGlobalIDString = 6D30BFD5286227D600715CC0;
			remoteInfo = iKartta;
		};
		6D30BFF1286227DB00715CC0 /* PBXContainerItemProxy */ = {
			isa = PBXContainerItemProxy;
			containerPortal = 6D30BFCE286227D600715CC0 /* Project object */;
			proxyType = 1;
			remoteGlobalIDString = 6D30BFD5286227D600715CC0;
			remoteInfo = iKartta;
		};
/* End PBXContainerItemProxy section */

/* Begin PBXFileReference section */
		21C7A507CA7797801CAB3DA1 /* Pods-iKartta.debug.xcconfig */ = {isa = PBXFileReference; includeInIndex = 1; lastKnownFileType = text.xcconfig; name = "Pods-iKartta.debug.xcconfig"; path = "Target Support Files/Pods-iKartta/Pods-iKartta.debug.xcconfig"; sourceTree = "<group>"; };
		4DE6ED526A794F17A4561ADD /* libPods-iKartta.a */ = {isa = PBXFileReference; explicitFileType = archive.ar; includeInIndex = 0; path = "libPods-iKartta.a"; sourceTree = BUILT_PRODUCTS_DIR; };
		6D30BFD6286227D600715CC0 /* iKartta.app */ = {isa = PBXFileReference; explicitFileType = wrapper.application; includeInIndex = 0; path = iKartta.app; sourceTree = BUILT_PRODUCTS_DIR; };
		6D30BFD9286227D600715CC0 /* iKarttaApp.swift */ = {isa = PBXFileReference; lastKnownFileType = sourcecode.swift; path = iKarttaApp.swift; sourceTree = "<group>"; };
		6D30BFDB286227D600715CC0 /* ContentView.swift */ = {isa = PBXFileReference; lastKnownFileType = sourcecode.swift; path = ContentView.swift; sourceTree = "<group>"; };
		6D30BFDD286227DA00715CC0 /* Assets.xcassets */ = {isa = PBXFileReference; lastKnownFileType = folder.assetcatalog; path = Assets.xcassets; sourceTree = "<group>"; };
		6D30BFE0286227DA00715CC0 /* Preview Assets.xcassets */ = {isa = PBXFileReference; lastKnownFileType = folder.assetcatalog; path = "Preview Assets.xcassets"; sourceTree = "<group>"; };
		6D30BFE6286227DA00715CC0 /* iKarttaTests.xctest */ = {isa = PBXFileReference; explicitFileType = wrapper.cfbundle; includeInIndex = 0; path = iKarttaTests.xctest; sourceTree = BUILT_PRODUCTS_DIR; };
		6D30BFEA286227DA00715CC0 /* iKarttaTests.swift */ = {isa = PBXFileReference; lastKnownFileType = sourcecode.swift; path = iKarttaTests.swift; sourceTree = "<group>"; };
		6D30BFF0286227DB00715CC0 /* iKarttaUITests.xctest */ = {isa = PBXFileReference; explicitFileType = wrapper.cfbundle; includeInIndex = 0; path = iKarttaUITests.xctest; sourceTree = BUILT_PRODUCTS_DIR; };
		6D30BFF4286227DB00715CC0 /* iKarttaUITests.swift */ = {isa = PBXFileReference; lastKnownFileType = sourcecode.swift; path = iKarttaUITests.swift; sourceTree = "<group>"; };
		6D30BFF6286227DB00715CC0 /* iKarttaUITestsLaunchTests.swift */ = {isa = PBXFileReference; lastKnownFileType = sourcecode.swift; path = iKarttaUITestsLaunchTests.swift; sourceTree = "<group>"; };
		6D464A27286379F2003596CA /* Segues.swift */ = {isa = PBXFileReference; lastKnownFileType = sourcecode.swift; path = Segues.swift; sourceTree = "<group>"; };
		6D464A292865997F003596CA /* README.md */ = {isa = PBXFileReference; lastKnownFileType = net.daringfireball.markdown; path = README.md; sourceTree = "<group>"; };
		70E39474F622D4715D557411 /* Pods-iKartta.release.xcconfig */ = {isa = PBXFileReference; includeInIndex = 1; lastKnownFileType = text.xcconfig; name = "Pods-iKartta.release.xcconfig"; path = "Target Support Files/Pods-iKartta/Pods-iKartta.release.xcconfig"; sourceTree = "<group>"; };
/* End PBXFileReference section */

/* Begin PBXFrameworksBuildPhase section */
		6D30BFD3286227D600715CC0 /* Frameworks */ = {
			isa = PBXFrameworksBuildPhase;
			buildActionMask = 2147483647;
			files = (
				083C17A4BC0AE04C09818BE0 /* libPods-iKartta.a in Frameworks */,
			);
			runOnlyForDeploymentPostprocessing = 0;
		};
		6D30BFE3286227DA00715CC0 /* Frameworks */ = {
			isa = PBXFrameworksBuildPhase;
			buildActionMask = 2147483647;
			files = (
			);
			runOnlyForDeploymentPostprocessing = 0;
		};
		6D30BFED286227DB00715CC0 /* Frameworks */ = {
			isa = PBXFrameworksBuildPhase;
			buildActionMask = 2147483647;
			files = (
			);
			runOnlyForDeploymentPostprocessing = 0;
		};
/* End PBXFrameworksBuildPhase section */

/* Begin PBXGroup section */
		6D30BFCD286227D600715CC0 = {
			isa = PBXGroup;
			children = (
				6D464A292865997F003596CA /* README.md */,
				6D30BFD8286227D600715CC0 /* iKartta */,
				6D30BFE9286227DA00715CC0 /* iKarttaTests */,
				6D30BFF3286227DB00715CC0 /* iKarttaUITests */,
				6D30BFD7286227D600715CC0 /* Products */,
				E667FA6FBAC7008237A7BA31 /* Pods */,
				A59AA851BE94E7ECBEE32793 /* Frameworks */,
			);
			sourceTree = "<group>";
		};
		6D30BFD7286227D600715CC0 /* Products */ = {
			isa = PBXGroup;
			children = (
				6D30BFD6286227D600715CC0 /* iKartta.app */,
				6D30BFE6286227DA00715CC0 /* iKarttaTests.xctest */,
				6D30BFF0286227DB00715CC0 /* iKarttaUITests.xctest */,
			);
			name = Products;
			sourceTree = "<group>";
		};
		6D30BFD8286227D600715CC0 /* iKartta */ = {
			isa = PBXGroup;
			children = (
				6D30BFD9286227D600715CC0 /* iKarttaApp.swift */,
				6D30BFDB286227D600715CC0 /* ContentView.swift */,
				6D30BFDD286227DA00715CC0 /* Assets.xcassets */,
				6D30BFDF286227DA00715CC0 /* Preview Content */,
				6D464A27286379F2003596CA /* Segues.swift */,
			);
			path = iKartta;
			sourceTree = "<group>";
		};
		6D30BFDF286227DA00715CC0 /* Preview Content */ = {
			isa = PBXGroup;
			children = (
				6D30BFE0286227DA00715CC0 /* Preview Assets.xcassets */,
			);
			path = "Preview Content";
			sourceTree = "<group>";
		};
		6D30BFE9286227DA00715CC0 /* iKarttaTests */ = {
			isa = PBXGroup;
			children = (
				6D30BFEA286227DA00715CC0 /* iKarttaTests.swift */,
			);
			path = iKarttaTests;
			sourceTree = "<group>";
		};
		6D30BFF3286227DB00715CC0 /* iKarttaUITests */ = {
			isa = PBXGroup;
			children = (
				6D30BFF4286227DB00715CC0 /* iKarttaUITests.swift */,
				6D30BFF6286227DB00715CC0 /* iKarttaUITestsLaunchTests.swift */,
			);
			path = iKarttaUITests;
			sourceTree = "<group>";
		};
		A59AA851BE94E7ECBEE32793 /* Frameworks */ = {
			isa = PBXGroup;
			children = (
				4DE6ED526A794F17A4561ADD /* libPods-iKartta.a */,
			);
			name = Frameworks;
			sourceTree = "<group>";
		};
		E667FA6FBAC7008237A7BA31 /* Pods */ = {
			isa = PBXGroup;
			children = (
				21C7A507CA7797801CAB3DA1 /* Pods-iKartta.debug.xcconfig */,
				70E39474F622D4715D557411 /* Pods-iKartta.release.xcconfig */,
			);
			path = Pods;
			sourceTree = "<group>";
		};
/* End PBXGroup section */

/* Begin PBXNativeTarget section */
		6D30BFD5286227D600715CC0 /* iKartta */ = {
			isa = PBXNativeTarget;
			buildConfigurationList = 6D30BFFA286227DB00715CC0 /* Build configuration list for PBXNativeTarget "iKartta" */;
			buildPhases = (
				CF7863C7CE5AF34FE74427C9 /* [CP] Check Pods Manifest.lock */,
				6D30BFD2286227D600715CC0 /* Sources */,
				6D30BFD3286227D600715CC0 /* Frameworks */,
				6D30BFD4286227D600715CC0 /* Resources */,
				931E5B393EACE92EAD637780 /* [CP] Copy Pods Resources */,
			);
			buildRules = (
			);
			dependencies = (
			);
			name = iKartta;
			productName = iKartta;
			productReference = 6D30BFD6286227D600715CC0 /* iKartta.app */;
			productType = "com.apple.product-type.application";
		};
		6D30BFE5286227DA00715CC0 /* iKarttaTests */ = {
			isa = PBXNativeTarget;
			buildConfigurationList = 6D30BFFD286227DB00715CC0 /* Build configuration list for PBXNativeTarget "iKarttaTests" */;
			buildPhases = (
				6D30BFE2286227DA00715CC0 /* Sources */,
				6D30BFE3286227DA00715CC0 /* Frameworks */,
				6D30BFE4286227DA00715CC0 /* Resources */,
			);
			buildRules = (
			);
			dependencies = (
				6D30BFE8286227DA00715CC0 /* PBXTargetDependency */,
			);
			name = iKarttaTests;
			productName = iKarttaTests;
			productReference = 6D30BFE6286227DA00715CC0 /* iKarttaTests.xctest */;
			productType = "com.apple.product-type.bundle.unit-test";
		};
		6D30BFEF286227DB00715CC0 /* iKarttaUITests */ = {
			isa = PBXNativeTarget;
			buildConfigurationList = 6D30C000286227DB00715CC0 /* Build configuration list for PBXNativeTarget "iKarttaUITests" */;
			buildPhases = (
				6D30BFEC286227DB00715CC0 /* Sources */,
				6D30BFED286227DB00715CC0 /* Frameworks */,
				6D30BFEE286227DB00715CC0 /* Resources */,
			);
			buildRules = (
			);
			dependencies = (
				6D30BFF2286227DB00715CC0 /* PBXTargetDependency */,
			);
			name = iKarttaUITests;
			productName = iKarttaUITests;
			productReference = 6D30BFF0286227DB00715CC0 /* iKarttaUITests.xctest */;
			productType = "com.apple.product-type.bundle.ui-testing";
		};
/* End PBXNativeTarget section */

/* Begin PBXProject section */
		6D30BFCE286227D600715CC0 /* Project object */ = {
			isa = PBXProject;
			attributes = {
				BuildIndependentTargetsInParallel = 1;
				LastSwiftUpdateCheck = 1340;
				LastUpgradeCheck = 1340;
				TargetAttributes = {
					6D30BFD5286227D600715CC0 = {
						CreatedOnToolsVersion = 13.4;
					};
					6D30BFE5286227DA00715CC0 = {
						CreatedOnToolsVersion = 13.4;
						TestTargetID = 6D30BFD5286227D600715CC0;
					};
					6D30BFEF286227DB00715CC0 = {
						CreatedOnToolsVersion = 13.4;
						TestTargetID = 6D30BFD5286227D600715CC0;
					};
				};
			};
			buildConfigurationList = 6D30BFD1286227D600715CC0 /* Build configuration list for PBXProject "iKartta" */;
			compatibilityVersion = "Xcode 13.0";
			developmentRegion = en;
			hasScannedForEncodings = 0;
			knownRegions = (
				en,
				Base,
			);
			mainGroup = 6D30BFCD286227D600715CC0;
			productRefGroup = 6D30BFD7286227D600715CC0 /* Products */;
			projectDirPath = "";
			projectRoot = "";
			targets = (
				6D30BFD5286227D600715CC0 /* iKartta */,
				6D30BFE5286227DA00715CC0 /* iKarttaTests */,
				6D30BFEF286227DB00715CC0 /* iKarttaUITests */,
			);
		};
/* End PBXProject section */

/* Begin PBXResourcesBuildPhase section */
		6D30BFD4286227D600715CC0 /* Resources */ = {
			isa = PBXResourcesBuildPhase;
			buildActionMask = 2147483647;
			files = (
				6D30BFE1286227DA00715CC0 /* Preview Assets.xcassets in Resources */,
				6D30BFDE286227DA00715CC0 /* Assets.xcassets in Resources */,
			);
			runOnlyForDeploymentPostprocessing = 0;
		};
		6D30BFE4286227DA00715CC0 /* Resources */ = {
			isa = PBXResourcesBuildPhase;
			buildActionMask = 2147483647;
			files = (
			);
			runOnlyForDeploymentPostprocessing = 0;
		};
		6D30BFEE286227DB00715CC0 /* Resources */ = {
			isa = PBXResourcesBuildPhase;
			buildActionMask = 2147483647;
			files = (
			);
			runOnlyForDeploymentPostprocessing = 0;
		};
/* End PBXResourcesBuildPhase section */

/* Begin PBXShellScriptBuildPhase section */
		931E5B393EACE92EAD637780 /* [CP] Copy Pods Resources */ = {
			isa = PBXShellScriptBuildPhase;
			buildActionMask = 2147483647;
			files = (
			);
			inputFileListPaths = (
				"${PODS_ROOT}/Target Support Files/Pods-iKartta/Pods-iKartta-resources-${CONFIGURATION}-input-files.xcfilelist",
			);
			name = "[CP] Copy Pods Resources";
			outputFileListPaths = (
				"${PODS_ROOT}/Target Support Files/Pods-iKartta/Pods-iKartta-resources-${CONFIGURATION}-output-files.xcfilelist",
			);
			runOnlyForDeploymentPostprocessing = 0;
			shellPath = /bin/sh;
			shellScript = "\"${PODS_ROOT}/Target Support Files/Pods-iKartta/Pods-iKartta-resources.sh\"\n";
			showEnvVarsInLog = 0;
		};
		CF7863C7CE5AF34FE74427C9 /* [CP] Check Pods Manifest.lock */ = {
			isa = PBXShellScriptBuildPhase;
			buildActionMask = 2147483647;
			files = (
			);
			inputFileListPaths = (
			);
			inputPaths = (
				"${PODS_PODFILE_DIR_PATH}/Podfile.lock",
				"${PODS_ROOT}/Manifest.lock",
			);
			name = "[CP] Check Pods Manifest.lock";
			outputFileListPaths = (
			);
			outputPaths = (
				"$(DERIVED_FILE_DIR)/Pods-iKartta-checkManifestLockResult.txt",
			);
			runOnlyForDeploymentPostprocessing = 0;
			shellPath = /bin/sh;
			shellScript = "diff \"${PODS_PODFILE_DIR_PATH}/Podfile.lock\" \"${PODS_ROOT}/Manifest.lock\" > /dev/null\nif [ $? != 0 ] ; then\n    # print error to STDERR\n    echo \"error: The sandbox is not in sync with the Podfile.lock. Run 'pod install' or update your CocoaPods installation.\" >&2\n    exit 1\nfi\n# This output is used by Xcode 'outputs' to avoid re-running this script phase.\necho \"SUCCESS\" > \"${SCRIPT_OUTPUT_FILE_0}\"\n";
			showEnvVarsInLog = 0;
		};
/* End PBXShellScriptBuildPhase section */

/* Begin PBXSourcesBuildPhase section */
		6D30BFD2286227D600715CC0 /* Sources */ = {
			isa = PBXSourcesBuildPhase;
			buildActionMask = 2147483647;
			files = (
				6D30BFDC286227D600715CC0 /* ContentView.swift in Sources */,
				6D30BFDA286227D600715CC0 /* iKarttaApp.swift in Sources */,
				6D464A28286379F2003596CA /* Segues.swift in Sources */,
			);
			runOnlyForDeploymentPostprocessing = 0;
		};
		6D30BFE2286227DA00715CC0 /* Sources */ = {
			isa = PBXSourcesBuildPhase;
			buildActionMask = 2147483647;
			files = (
				6D30BFEB286227DA00715CC0 /* iKarttaTests.swift in Sources */,
			);
			runOnlyForDeploymentPostprocessing = 0;
		};
		6D30BFEC286227DB00715CC0 /* Sources */ = {
			isa = PBXSourcesBuildPhase;
			buildActionMask = 2147483647;
			files = (
				6D30BFF5286227DB00715CC0 /* iKarttaUITests.swift in Sources */,
				6D30BFF7286227DB00715CC0 /* iKarttaUITestsLaunchTests.swift in Sources */,
			);
			runOnlyForDeploymentPostprocessing = 0;
		};
/* End PBXSourcesBuildPhase section */

/* Begin PBXTargetDependency section */
		6D30BFE8286227DA00715CC0 /* PBXTargetDependency */ = {
			isa = PBXTargetDependency;
			target = 6D30BFD5286227D600715CC0 /* iKartta */;
			targetProxy = 6D30BFE7286227DA00715CC0 /* PBXContainerItemProxy */;
		};
		6D30BFF2286227DB00715CC0 /* PBXTargetDependency */ = {
			isa = PBXTargetDependency;
			target = 6D30BFD5286227D600715CC0 /* iKartta */;
			targetProxy = 6D30BFF1286227DB00715CC0 /* PBXContainerItemProxy */;
		};
/* End PBXTargetDependency section */

/* Begin XCBuildConfiguration section */
		6D30BFF8286227DB00715CC0 /* Debug */ = {
			isa = XCBuildConfiguration;
			buildSettings = {
				ALWAYS_SEARCH_USER_PATHS = NO;
				CLANG_ANALYZER_NONNULL = YES;
				CLANG_ANALYZER_NUMBER_OBJECT_CONVERSION = YES_AGGRESSIVE;
				CLANG_CXX_LANGUAGE_STANDARD = "gnu++17";
				CLANG_ENABLE_MODULES = YES;
				CLANG_ENABLE_OBJC_ARC = YES;
				CLANG_ENABLE_OBJC_WEAK = YES;
				CLANG_WARN_BLOCK_CAPTURE_AUTORELEASING = YES;
				CLANG_WARN_BOOL_CONVERSION = YES;
				CLANG_WARN_COMMA = YES;
				CLANG_WARN_CONSTANT_CONVERSION = YES;
				CLANG_WARN_DEPRECATED_OBJC_IMPLEMENTATIONS = YES;
				CLANG_WARN_DIRECT_OBJC_ISA_USAGE = YES_ERROR;
				CLANG_WARN_DOCUMENTATION_COMMENTS = YES;
				CLANG_WARN_EMPTY_BODY = YES;
				CLANG_WARN_ENUM_CONVERSION = YES;
				CLANG_WARN_INFINITE_RECURSION = YES;
				CLANG_WARN_INT_CONVERSION = YES;
				CLANG_WARN_NON_LITERAL_NULL_CONVERSION = YES;
				CLANG_WARN_OBJC_IMPLICIT_RETAIN_SELF = YES;
				CLANG_WARN_OBJC_LITERAL_CONVERSION = YES;
				CLANG_WARN_OBJC_ROOT_CLASS = YES_ERROR;
				CLANG_WARN_QUOTED_INCLUDE_IN_FRAMEWORK_HEADER = YES;
				CLANG_WARN_RANGE_LOOP_ANALYSIS = YES;
				CLANG_WARN_STRICT_PROTOTYPES = YES;
				CLANG_WARN_SUSPICIOUS_MOVE = YES;
				CLANG_WARN_UNGUARDED_AVAILABILITY = YES_AGGRESSIVE;
				CLANG_WARN_UNREACHABLE_CODE = YES;
				CLANG_WARN__DUPLICATE_METHOD_MATCH = YES;
				COPY_PHASE_STRIP = NO;
				DEBUG_INFORMATION_FORMAT = dwarf;
				ENABLE_STRICT_OBJC_MSGSEND = YES;
				ENABLE_TESTABILITY = YES;
				GCC_C_LANGUAGE_STANDARD = gnu11;
				GCC_DYNAMIC_NO_PIC = NO;
				GCC_NO_COMMON_BLOCKS = YES;
				GCC_OPTIMIZATION_LEVEL = 0;
				GCC_PREPROCESSOR_DEFINITIONS = (
					"DEBUG=1",
					"$(inherited)",
				);
				GCC_WARN_64_TO_32_BIT_CONVERSION = YES;
				GCC_WARN_ABOUT_RETURN_TYPE = YES_ERROR;
				GCC_WARN_UNDECLARED_SELECTOR = YES;
				GCC_WARN_UNINITIALIZED_AUTOS = YES_AGGRESSIVE;
				GCC_WARN_UNUSED_FUNCTION = YES;
				GCC_WARN_UNUSED_VARIABLE = YES;
				IPHONEOS_DEPLOYMENT_TARGET = 15.5;
				MTL_ENABLE_DEBUG_INFO = INCLUDE_SOURCE;
				MTL_FAST_MATH = YES;
				ONLY_ACTIVE_ARCH = YES;
				SDKROOT = iphoneos;
				SWIFT_ACTIVE_COMPILATION_CONDITIONS = DEBUG;
				SWIFT_OPTIMIZATION_LEVEL = "-Onone";
			};
			name = Debug;
		};
		6D30BFF9286227DB00715CC0 /* Release */ = {
			isa = XCBuildConfiguration;
			buildSettings = {
				ALWAYS_SEARCH_USER_PATHS = NO;
				CLANG_ANALYZER_NONNULL = YES;
				CLANG_ANALYZER_NUMBER_OBJECT_CONVERSION = YES_AGGRESSIVE;
				CLANG_CXX_LANGUAGE_STANDARD = "gnu++17";
				CLANG_ENABLE_MODULES = YES;
				CLANG_ENABLE_OBJC_ARC = YES;
				CLANG_ENABLE_OBJC_WEAK = YES;
				CLANG_WARN_BLOCK_CAPTURE_AUTORELEASING = YES;
				CLANG_WARN_BOOL_CONVERSION = YES;
				CLANG_WARN_COMMA = YES;
				CLANG_WARN_CONSTANT_CONVERSION = YES;
				CLANG_WARN_DEPRECATED_OBJC_IMPLEMENTATIONS = YES;
				CLANG_WARN_DIRECT_OBJC_ISA_USAGE = YES_ERROR;
				CLANG_WARN_DOCUMENTATION_COMMENTS = YES;
				CLANG_WARN_EMPTY_BODY = YES;
				CLANG_WARN_ENUM_CONVERSION = YES;
				CLANG_WARN_INFINITE_RECURSION = YES;
				CLANG_WARN_INT_CONVERSION = YES;
				CLANG_WARN_NON_LITERAL_NULL_CONVERSION = YES;
				CLANG_WARN_OBJC_IMPLICIT_RETAIN_SELF = YES;
				CLANG_WARN_OBJC_LITERAL_CONVERSION = YES;
				CLANG_WARN_OBJC_ROOT_CLASS = YES_ERROR;
				CLANG_WARN_QUOTED_INCLUDE_IN_FRAMEWORK_HEADER = YES;
				CLANG_WARN_RANGE_LOOP_ANALYSIS = YES;
				CLANG_WARN_STRICT_PROTOTYPES = YES;
				CLANG_WARN_SUSPICIOUS_MOVE = YES;
				CLANG_WARN_UNGUARDED_AVAILABILITY = YES_AGGRESSIVE;
				CLANG_WARN_UNREACHABLE_CODE = YES;
				CLANG_WARN__DUPLICATE_METHOD_MATCH = YES;
				COPY_PHASE_STRIP = NO;
				DEBUG_INFORMATION_FORMAT = "dwarf-with-dsym";
				ENABLE_NS_ASSERTIONS = NO;
				ENABLE_STRICT_OBJC_MSGSEND = YES;
				GCC_C_LANGUAGE_STANDARD = gnu11;
				GCC_NO_COMMON_BLOCKS = YES;
				GCC_WARN_64_TO_32_BIT_CONVERSION = YES;
				GCC_WARN_ABOUT_RETURN_TYPE = YES_ERROR;
				GCC_WARN_UNDECLARED_SELECTOR = YES;
				GCC_WARN_UNINITIALIZED_AUTOS = YES_AGGRESSIVE;
				GCC_WARN_UNUSED_FUNCTION = YES;
				GCC_WARN_UNUSED_VARIABLE = YES;
				IPHONEOS_DEPLOYMENT_TARGET = 15.5;
				MTL_ENABLE_DEBUG_INFO = NO;
				MTL_FAST_MATH = YES;
				SDKROOT = iphoneos;
				SWIFT_COMPILATION_MODE = wholemodule;
				SWIFT_OPTIMIZATION_LEVEL = "-O";
				VALIDATE_PRODUCT = YES;
			};
			name = Release;
		};
		6D30BFFB286227DB00715CC0 /* Debug */ = {
			isa = XCBuildConfiguration;
			baseConfigurationReference = 21C7A507CA7797801CAB3DA1 /* Pods-iKartta.debug.xcconfig */;
			buildSettings = {
				ASSETCATALOG_COMPILER_APPICON_NAME = AppIcon;
				ASSETCATALOG_COMPILER_GLOBAL_ACCENT_COLOR_NAME = AccentColor;
				CODE_SIGN_STYLE = Automatic;
				CURRENT_PROJECT_VERSION = 1;
				DEVELOPMENT_ASSET_PATHS = "\"iKartta/Preview Content\"";
				DEVELOPMENT_TEAM = JW57N46D54;
				ENABLE_PREVIEWS = YES;
				GENERATE_INFOPLIST_FILE = YES;
				INFOPLIST_KEY_UIApplicationSceneManifest_Generation = YES;
				INFOPLIST_KEY_UIApplicationSupportsIndirectInputEvents = YES;
				INFOPLIST_KEY_UILaunchScreen_Generation = YES;
				INFOPLIST_KEY_UISupportedInterfaceOrientations_iPad = "UIInterfaceOrientationPortrait UIInterfaceOrientationPortraitUpsideDown UIInterfaceOrientationLandscapeLeft UIInterfaceOrientationLandscapeRight";
				INFOPLIST_KEY_UISupportedInterfaceOrientations_iPhone = "UIInterfaceOrientationPortrait UIInterfaceOrientationLandscapeLeft UIInterfaceOrientationLandscapeRight";
				LD_RUNPATH_SEARCH_PATHS = (
					"$(inherited)",
					"@executable_path/Frameworks",
				);
				MARKETING_VERSION = 1.0;
				PRODUCT_BUNDLE_IDENTIFIER = d.iKartta;
				PRODUCT_NAME = "$(TARGET_NAME)";
				SWIFT_EMIT_LOC_STRINGS = YES;
				SWIFT_VERSION = 5.0;
				TARGETED_DEVICE_FAMILY = "1,2";
			};
			name = Debug;
		};
		6D30BFFC286227DB00715CC0 /* Release */ = {
			isa = XCBuildConfiguration;
			baseConfigurationReference = 70E39474F622D4715D557411 /* Pods-iKartta.release.xcconfig */;
			buildSettings = {
				ASSETCATALOG_COMPILER_APPICON_NAME = AppIcon;
				ASSETCATALOG_COMPILER_GLOBAL_ACCENT_COLOR_NAME = AccentColor;
				CODE_SIGN_STYLE = Automatic;
				CURRENT_PROJECT_VERSION = 1;
				DEVELOPMENT_ASSET_PATHS = "\"iKartta/Preview Content\"";
				DEVELOPMENT_TEAM = JW57N46D54;
				ENABLE_PREVIEWS = YES;
				GENERATE_INFOPLIST_FILE = YES;
				INFOPLIST_KEY_UIApplicationSceneManifest_Generation = YES;
				INFOPLIST_KEY_UIApplicationSupportsIndirectInputEvents = YES;
				INFOPLIST_KEY_UILaunchScreen_Generation = YES;
				INFOPLIST_KEY_UISupportedInterfaceOrientations_iPad = "UIInterfaceOrientationPortrait UIInterfaceOrientationPortraitUpsideDown UIInterfaceOrientationLandscapeLeft UIInterfaceOrientationLandscapeRight";
				INFOPLIST_KEY_UISupportedInterfaceOrientations_iPhone = "UIInterfaceOrientationPortrait UIInterfaceOrientationLandscapeLeft UIInterfaceOrientationLandscapeRight";
				LD_RUNPATH_SEARCH_PATHS = (
					"$(inherited)",
					"@executable_path/Frameworks",
				);
				MARKETING_VERSION = 1.0;
				PRODUCT_BUNDLE_IDENTIFIER = d.iKartta;
				PRODUCT_NAME = "$(TARGET_NAME)";
				SWIFT_EMIT_LOC_STRINGS = YES;
				SWIFT_VERSION = 5.0;
				TARGETED_DEVICE_FAMILY = "1,2";
			};
			name = Release;
		};
		6D30BFFE286227DB00715CC0 /* Debug */ = {
			isa = XCBuildConfiguration;
			buildSettings = {
				ALWAYS_EMBED_SWIFT_STANDARD_LIBRARIES = YES;
				BUNDLE_LOADER = "$(TEST_HOST)";
				CODE_SIGN_STYLE = Automatic;
				CURRENT_PROJECT_VERSION = 1;
				DEVELOPMENT_TEAM = JW57N46D54;
				GENERATE_INFOPLIST_FILE = YES;
				IPHONEOS_DEPLOYMENT_TARGET = 15.5;
				MARKETING_VERSION = 1.0;
				PRODUCT_BUNDLE_IDENTIFIER = d.iKarttaTests;
				PRODUCT_NAME = "$(TARGET_NAME)";
				SWIFT_EMIT_LOC_STRINGS = NO;
				SWIFT_VERSION = 5.0;
				TARGETED_DEVICE_FAMILY = "1,2";
				TEST_HOST = "$(BUILT_PRODUCTS_DIR)/iKartta.app/iKartta";
			};
			name = Debug;
		};
		6D30BFFF286227DB00715CC0 /* Release */ = {
			isa = XCBuildConfiguration;
			buildSettings = {
				ALWAYS_EMBED_SWIFT_STANDARD_LIBRARIES = YES;
				BUNDLE_LOADER = "$(TEST_HOST)";
				CODE_SIGN_STYLE = Automatic;
				CURRENT_PROJECT_VERSION = 1;
				DEVELOPMENT_TEAM = JW57N46D54;
				GENERATE_INFOPLIST_FILE = YES;
				IPHONEOS_DEPLOYMENT_TARGET = 15.5;
				MARKETING_VERSION = 1.0;
				PRODUCT_BUNDLE_IDENTIFIER = d.iKarttaTests;
				PRODUCT_NAME = "$(TARGET_NAME)";
				SWIFT_EMIT_LOC_STRINGS = NO;
				SWIFT_VERSION = 5.0;
				TARGETED_DEVICE_FAMILY = "1,2";
				TEST_HOST = "$(BUILT_PRODUCTS_DIR)/iKartta.app/iKartta";
			};
			name = Release;
		};
		6D30C001286227DB00715CC0 /* Debug */ = {
			isa = XCBuildConfiguration;
			buildSettings = {
				ALWAYS_EMBED_SWIFT_STANDARD_LIBRARIES = YES;
				CODE_SIGN_STYLE = Automatic;
				CURRENT_PROJECT_VERSION = 1;
				DEVELOPMENT_TEAM = JW57N46D54;
				GENERATE_INFOPLIST_FILE = YES;
				MARKETING_VERSION = 1.0;
				PRODUCT_BUNDLE_IDENTIFIER = d.iKarttaUITests;
				PRODUCT_NAME = "$(TARGET_NAME)";
				SWIFT_EMIT_LOC_STRINGS = NO;
				SWIFT_VERSION = 5.0;
				TARGETED_DEVICE_FAMILY = "1,2";
				TEST_TARGET_NAME = iKartta;
			};
			name = Debug;
		};
		6D30C002286227DB00715CC0 /* Release */ = {
			isa = XCBuildConfiguration;
			buildSettings = {
				ALWAYS_EMBED_SWIFT_STANDARD_LIBRARIES = YES;
				CODE_SIGN_STYLE = Automatic;
				CURRENT_PROJECT_VERSION = 1;
				DEVELOPMENT_TEAM = JW57N46D54;
				GENERATE_INFOPLIST_FILE = YES;
				MARKETING_VERSION = 1.0;
				PRODUCT_BUNDLE_IDENTIFIER = d.iKarttaUITests;
				PRODUCT_NAME = "$(TARGET_NAME)";
				SWIFT_EMIT_LOC_STRINGS = NO;
				SWIFT_VERSION = 5.0;
				TARGETED_DEVICE_FAMILY = "1,2";
				TEST_TARGET_NAME = iKartta;
			};
			name = Release;
		};
/* End XCBuildConfiguration section */

/* Begin XCConfigurationList section */
		6D30BFD1286227D600715CC0 /* Build configuration list for PBXProject "iKartta" */ = {
			isa = XCConfigurationList;
			buildConfigurations = (
				6D30BFF8286227DB00715CC0 /* Debug */,
				6D30BFF9286227DB00715CC0 /* Release */,
			);
			defaultConfigurationIsVisible = 0;
			defaultConfigurationName = Release;
		};
		6D30BFFA286227DB00715CC0 /* Build configuration list for PBXNativeTarget "iKartta" */ = {
			isa = XCConfigurationList;
			buildConfigurations = (
				6D30BFFB286227DB00715CC0 /* Debug */,
				6D30BFFC286227DB00715CC0 /* Release */,
			);
			defaultConfigurationIsVisible = 0;
			defaultConfigurationName = Release;
		};
		6D30BFFD286227DB00715CC0 /* Build configuration list for PBXNativeTarget "iKarttaTests" */ = {
			isa = XCConfigurationList;
			buildConfigurations = (
				6D30BFFE286227DB00715CC0 /* Debug */,
				6D30BFFF286227DB00715CC0 /* Release */,
			);
			defaultConfigurationIsVisible = 0;
			defaultConfigurationName = Release;
		};
		6D30C000286227DB00715CC0 /* Build configuration list for PBXNativeTarget "iKarttaUITests" */ = {
			isa = XCConfigurationList;
			buildConfigurations = (
				6D30C001286227DB00715CC0 /* Debug */,
				6D30C002286227DB00715CC0 /* Release */,
			);
			defaultConfigurationIsVisible = 0;
			defaultConfigurationName = Release;
		};
/* End XCConfigurationList section */
	};
	rootObject = 6D30BFCE286227D600715CC0 /* Project object */;
}
